dependencies:
  espressif/coap:
    component_hash: 231b31f00c69cd3677f01c06c7066b1fa9af6b81df28fc20c3f38e2c47039580
    source:
      service_url: https://api.components.espressif.com/
      type: service
    version: 4.3.1~3
  idf:
    component_hash: null
    source:
      type: idf
    version: 5.0.1
manifest_hash: abd711f87328a2f5f7756ce4ff0e873e590536b54a788a1e39c082e487c18c15
target: esp32
version: 1.0.0
